
Microsoft Visual Studio Solution File, Format Version 12.00
# Visual Studio Version 17
VisualStudioVersion = 17.9.34622.214
MinimumVisualStudioVersion = 10.0.40219.1
Project("{FAE04EC0-301F-11D3-BF4B-00C04F79EFBC}") = "FizzBuzzTDD", "FizzBuzzTDD\FizzBuzzTDD.csproj", "{D2A2BE58-8A63-4C20-8DD7-EBE20C6943BF}"
EndProject
Project("{FAE04EC0-301F-11D3-BF4B-00C04F79EFBC}") = "FizzBuzzTDD.Tests", "FizzBuzzTDD.Tests\FizzBuzzTDD.Tests.csproj", "{A87A0A52-B81E-477A-888E-DC6BD0B64FF9}"
EndProject
Global
	GlobalSection(SolutionConfigurationPlatforms) = preSolution
		Debug|Any CPU = Debug|Any CPU
		Release|Any CPU = Release|Any CPU
	EndGlobalSection
	GlobalSection(ProjectConfigurationPlatforms) = postSolution
		{D2A2BE58-8A63-4C20-8DD7-EBE20C6943BF}.Debug|Any CPU.ActiveCfg = Debug|Any CPU
		{D2A2BE58-8A63-4C20-8DD7-EBE20C6943BF}.Debug|Any CPU.Build.0 = Debug|Any CPU
		{D2A2BE58-8A63-4C20-8DD7-EBE20C6943BF}.Release|Any CPU.ActiveCfg = Release|Any CPU
		{D2A2BE58-8A63-4C20-8DD7-EBE20C6943BF}.Release|Any CPU.Build.0 = Release|Any CPU
		{A87A0A52-B81E-477A-888E-DC6BD0B64FF9}.Debug|Any CPU.ActiveCfg = Debug|Any CPU
		{A87A0A52-B81E-477A-888E-DC6BD0B64FF9}.Debug|Any CPU.Build.0 = Debug|Any CPU
		{A87A0A52-B81E-477A-888E-DC6BD0B64FF9}.Release|Any CPU.ActiveCfg = Release|Any CPU
		{A87A0A52-B81E-477A-888E-DC6BD0B64FF9}.Release|Any CPU.Build.0 = Release|Any CPU
	EndGlobalSection
	GlobalSection(SolutionProperties) = preSolution
		HideSolutionNode = FALSE
	EndGlobalSection
	GlobalSection(ExtensibilityGlobals) = postSolution
		SolutionGuid = {EBDEBE91-095F-43D3-8E5D-472C8CAF4BD8}
	EndGlobalSection
EndGlobal
